
Microsoft Visual Studio Solution File, Format Version 12.00
# Visual Studio Version 17
VisualStudioVersion = 17.7.34221.43
MinimumVisualStudioVersion = 10.0.40219.1
Project("{FAE04EC0-301F-11D3-BF4B-00C04F79EFBC}") = "TaskBoard", "TaskBoard\TaskBoard.csproj", "{4AC5C96C-CA3C-4233-83EB-376DC096CF94}"
EndProject
Global
	GlobalSection(SolutionConfigurationPlatforms) = preSolution
		Debug|Any CPU = Debug|Any CPU
		Release|Any CPU = Release|Any CPU
	EndGlobalSection
	GlobalSection(ProjectConfigurationPlatforms) = postSolution
		{4AC5C96C-CA3C-4233-83EB-376DC096CF94}.Debug|Any CPU.ActiveCfg = Debug|Any CPU
		{4AC5C96C-CA3C-4233-83EB-376DC096CF94}.Debug|Any CPU.Build.0 = Debug|Any CPU
		{4AC5C96C-CA3C-4233-83EB-376DC096CF94}.Release|Any CPU.ActiveCfg = Release|Any CPU
		{4AC5C96C-CA3C-4233-83EB-376DC096CF94}.Release|Any CPU.Build.0 = Release|Any CPU
	EndGlobalSection
	GlobalSection(SolutionProperties) = preSolution
		HideSolutionNode = FALSE
	EndGlobalSection
	GlobalSection(ExtensibilityGlobals) = postSolution
		SolutionGuid = {972C6F68-B106-42B0-8C68-16669C3BBEC2}
	EndGlobalSection
EndGlobal
