
Microsoft Visual Studio Solution File, Format Version 12.00
# Visual Studio Version 17
VisualStudioVersion = 17.7.34221.43
MinimumVisualStudioVersion = 10.0.40219.1
Project("{FAE04EC0-301F-11D3-BF4B-00C04F79EFBC}") = "TextSplitterApp", "TextSplitterApp\TextSplitterApp.csproj", "{4759DFAC-581D-470F-B6DD-E9D06393B672}"
EndProject
Global
	GlobalSection(SolutionConfigurationPlatforms) = preSolution
		Debug|Any CPU = Debug|Any CPU
		Release|Any CPU = Release|Any CPU
	EndGlobalSection
	GlobalSection(ProjectConfigurationPlatforms) = postSolution
		{4759DFAC-581D-470F-B6DD-E9D06393B672}.Debug|Any CPU.ActiveCfg = Debug|Any CPU
		{4759DFAC-581D-470F-B6DD-E9D06393B672}.Debug|Any CPU.Build.0 = Debug|Any CPU
		{4759DFAC-581D-470F-B6DD-E9D06393B672}.Release|Any CPU.ActiveCfg = Release|Any CPU
		{4759DFAC-581D-470F-B6DD-E9D06393B672}.Release|Any CPU.Build.0 = Release|Any CPU
	EndGlobalSection
	GlobalSection(SolutionProperties) = preSolution
		HideSolutionNode = FALSE
	EndGlobalSection
	GlobalSection(ExtensibilityGlobals) = postSolution
		SolutionGuid = {37476820-E731-4F6C-B78A-4FB60EF0982E}
	EndGlobalSection
EndGlobal
